
Microsoft Visual Studio Solution File, Format Version 12.00
# Visual Studio Version 17
VisualStudioVersion = 17.0.32112.339
MinimumVisualStudioVersion = 10.0.40219.1
Project("{2150E333-8FDC-42A3-9474-1A3956D46DE8}") = "solution items", "solution items", "{4974115E-6F11-45B4-A09B-8B272BD3D708}"
	ProjectSection(SolutionItems) = preProject
		.gitignore = .gitignore
		Readme.md = Readme.md
	EndProjectSection
EndProject
Project("{2150E333-8FDC-42A3-9474-1A3956D46DE8}") = "src", "src", "{0961C237-E948-4E35-8830-CF66445CED19}"
EndProject
Project("{2150E333-8FDC-42A3-9474-1A3956D46DE8}") = "arm templates", "arm templates", "{E776DC72-6523-4494-8FF6-CB1B409493F4}"
EndProject
Project("{2150E333-8FDC-42A3-9474-1A3956D46DE8}") = "services", "services", "{CE17EA5E-9E51-4C55-8E5B-03CBE4F05AED}"
EndProject
Project("{2150E333-8FDC-42A3-9474-1A3956D46DE8}") = "Administration", "Administration", "{988B1C49-EE9D-4944-9968-D0F2CAEB1E44}"
EndProject
Project("{2150E333-8FDC-42A3-9474-1A3956D46DE8}") = "CentralManagement", "CentralManagement", "{59E2B06C-E984-4591-8698-0F8EFC955ADA}"
EndProject
Project("{2150E333-8FDC-42A3-9474-1A3956D46DE8}") = "Construction", "Construction", "{E35278FF-45F6-416A-86CB-11DF488B418C}"
EndProject
Project("{2150E333-8FDC-42A3-9474-1A3956D46DE8}") = "Direction", "Direction", "{36F1232F-175F-413B-845C-17E0464AC371}"
EndProject
Project("{2150E333-8FDC-42A3-9474-1A3956D46DE8}") = "HumanResources", "HumanResources", "{D153F840-B1A4-4341-9C6D-D50AE1FB8106}"
EndProject
Project("{2150E333-8FDC-42A3-9474-1A3956D46DE8}") = "Operations", "Operations", "{AF14292D-530F-4016-8674-4A834108AE66}"
EndProject
Project("{2150E333-8FDC-42A3-9474-1A3956D46DE8}") = "tests", "tests", "{DF5F8AF9-B34B-48AE-9553-392C0E2F5CD2}"
EndProject
Project("{2150E333-8FDC-42A3-9474-1A3956D46DE8}") = "tests", "tests", "{839C501E-6321-42CF-B863-CB455EDDCD0E}"
EndProject
Project("{2150E333-8FDC-42A3-9474-1A3956D46DE8}") = "tests", "tests", "{D6A4C1FB-6977-48B3-8254-5CB0C5962A0E}"
EndProject
Project("{2150E333-8FDC-42A3-9474-1A3956D46DE8}") = "tests", "tests", "{986E5D58-2980-4CF5-A6F3-81BF11DD4B6C}"
EndProject
Project("{2150E333-8FDC-42A3-9474-1A3956D46DE8}") = "tests", "tests", "{C1ADC82F-E2C9-43B7-B3B9-82808002F48C}"
EndProject
Project("{2150E333-8FDC-42A3-9474-1A3956D46DE8}") = "tests", "tests", "{B6D9BD76-1E6B-4F12-9AA2-9B1CFD476062}"
EndProject
Project("{9A19103F-16F7-4668-BE54-9A1E7A4F7556}") = "10Helmets.MS.Administration.WebApi", "src\services\Administration\10Helmets.MS.Administration.WebApi\10Helmets.MS.Administration.WebApi.csproj", "{DEC9C34E-1B2E-49F1-B997-08D0CF48BA0C}"
EndProject
Project("{9A19103F-16F7-4668-BE54-9A1E7A4F7556}") = "10Helmets.MS.CentralManagement.Core", "src\services\CentralManagement\10Helmets.MS.CentralManagement.Core\10Helmets.MS.CentralManagement.Core.csproj", "{57441DD2-CCEE-407B-94AC-FCCBA90F5D85}"
EndProject
Project("{9A19103F-16F7-4668-BE54-9A1E7A4F7556}") = "10Helmets.MS.CentralManagement.Infrastructure", "src\services\CentralManagement\10Helmets.MS.CentralManagement.Infrastructure\10Helmets.MS.CentralManagement.Infrastructure.csproj", "{3FE0E6EB-AF43-4111-8ED0-C58FA879036B}"
EndProject
Project("{9A19103F-16F7-4668-BE54-9A1E7A4F7556}") = "10Helmets.MS.CentralManagement.WebApi", "src\services\CentralManagement\10Helmets.MS.CentralManagement.WebApi\10Helmets.MS.CentralManagement.WebApi.csproj", "{FE5AC3A6-563E-496D-B13C-3E8D0B1AD1F5}"
EndProject
Project("{9A19103F-16F7-4668-BE54-9A1E7A4F7556}") = "10Helmets.MS.Construction.WebApi", "src\services\Construction\10Helmets.MS.Construction.WebApi\10Helmets.MS.Construction.WebApi.csproj", "{1A6327FD-DC3C-426A-8060-857D3F5009EF}"
EndProject
Project("{9A19103F-16F7-4668-BE54-9A1E7A4F7556}") = "10Helmets.MS.Direction.WebApi", "src\services\Direction\10Helmets.MS.Direction.WebApi\10Helmets.MS.Direction.WebApi.csproj", "{D235EC62-06E6-4057-8B20-6DF87B00D900}"
EndProject
Project("{9A19103F-16F7-4668-BE54-9A1E7A4F7556}") = "10Helmets.MS.HumanResources.WebApi", "src\services\HumanResources\10Helmets.MS.HumanResources.WebApi\10Helmets.MS.HumanResources.WebApi.csproj", "{4A98FCD9-94B5-4C37-8082-6E38E534CBBF}"
EndProject
Project("{9A19103F-16F7-4668-BE54-9A1E7A4F7556}") = "10Helmets.MS.Operations.WebApi", "src\services\Operations\10Helmets.MS.Operations.WebApi\10Helmets.MS.Operations.WebApi.csproj", "{4BECCFC3-4F09-4BA2-BF7F-170F6A19F9DE}"
EndProject
Global
	GlobalSection(SolutionConfigurationPlatforms) = preSolution
		Debug|Any CPU = Debug|Any CPU
		Release|Any CPU = Release|Any CPU
	EndGlobalSection
	GlobalSection(ProjectConfigurationPlatforms) = postSolution
		{DEC9C34E-1B2E-49F1-B997-08D0CF48BA0C}.Debug|Any CPU.ActiveCfg = Debug|Any CPU
		{DEC9C34E-1B2E-49F1-B997-08D0CF48BA0C}.Debug|Any CPU.Build.0 = Debug|Any CPU
		{DEC9C34E-1B2E-49F1-B997-08D0CF48BA0C}.Release|Any CPU.ActiveCfg = Release|Any CPU
		{DEC9C34E-1B2E-49F1-B997-08D0CF48BA0C}.Release|Any CPU.Build.0 = Release|Any CPU
		{57441DD2-CCEE-407B-94AC-FCCBA90F5D85}.Debug|Any CPU.ActiveCfg = Debug|Any CPU
		{57441DD2-CCEE-407B-94AC-FCCBA90F5D85}.Debug|Any CPU.Build.0 = Debug|Any CPU
		{57441DD2-CCEE-407B-94AC-FCCBA90F5D85}.Release|Any CPU.ActiveCfg = Release|Any CPU
		{57441DD2-CCEE-407B-94AC-FCCBA90F5D85}.Release|Any CPU.Build.0 = Release|Any CPU
		{3FE0E6EB-AF43-4111-8ED0-C58FA879036B}.Debug|Any CPU.ActiveCfg = Debug|Any CPU
		{3FE0E6EB-AF43-4111-8ED0-C58FA879036B}.Debug|Any CPU.Build.0 = Debug|Any CPU
		{3FE0E6EB-AF43-4111-8ED0-C58FA879036B}.Release|Any CPU.ActiveCfg = Release|Any CPU
		{3FE0E6EB-AF43-4111-8ED0-C58FA879036B}.Release|Any CPU.Build.0 = Release|Any CPU
		{FE5AC3A6-563E-496D-B13C-3E8D0B1AD1F5}.Debug|Any CPU.ActiveCfg = Debug|Any CPU
		{FE5AC3A6-563E-496D-B13C-3E8D0B1AD1F5}.Debug|Any CPU.Build.0 = Debug|Any CPU
		{FE5AC3A6-563E-496D-B13C-3E8D0B1AD1F5}.Release|Any CPU.ActiveCfg = Release|Any CPU
		{FE5AC3A6-563E-496D-B13C-3E8D0B1AD1F5}.Release|Any CPU.Build.0 = Release|Any CPU
		{1A6327FD-DC3C-426A-8060-857D3F5009EF}.Debug|Any CPU.ActiveCfg = Debug|Any CPU
		{1A6327FD-DC3C-426A-8060-857D3F5009EF}.Debug|Any CPU.Build.0 = Debug|Any CPU
		{1A6327FD-DC3C-426A-8060-857D3F5009EF}.Release|Any CPU.ActiveCfg = Release|Any CPU
		{1A6327FD-DC3C-426A-8060-857D3F5009EF}.Release|Any CPU.Build.0 = Release|Any CPU
		{D235EC62-06E6-4057-8B20-6DF87B00D900}.Debug|Any CPU.ActiveCfg = Debug|Any CPU
		{D235EC62-06E6-4057-8B20-6DF87B00D900}.Debug|Any CPU.Build.0 = Debug|Any CPU
		{D235EC62-06E6-4057-8B20-6DF87B00D900}.Release|Any CPU.ActiveCfg = Release|Any CPU
		{D235EC62-06E6-4057-8B20-6DF87B00D900}.Release|Any CPU.Build.0 = Release|Any CPU
		{4A98FCD9-94B5-4C37-8082-6E38E534CBBF}.Debug|Any CPU.ActiveCfg = Debug|Any CPU
		{4A98FCD9-94B5-4C37-8082-6E38E534CBBF}.Debug|Any CPU.Build.0 = Debug|Any CPU
		{4A98FCD9-94B5-4C37-8082-6E38E534CBBF}.Release|Any CPU.ActiveCfg = Release|Any CPU
		{4A98FCD9-94B5-4C37-8082-6E38E534CBBF}.Release|Any CPU.Build.0 = Release|Any CPU
		{4BECCFC3-4F09-4BA2-BF7F-170F6A19F9DE}.Debug|Any CPU.ActiveCfg = Debug|Any CPU
		{4BECCFC3-4F09-4BA2-BF7F-170F6A19F9DE}.Debug|Any CPU.Build.0 = Debug|Any CPU
		{4BECCFC3-4F09-4BA2-BF7F-170F6A19F9DE}.Release|Any CPU.ActiveCfg = Release|Any CPU
		{4BECCFC3-4F09-4BA2-BF7F-170F6A19F9DE}.Release|Any CPU.Build.0 = Release|Any CPU
	EndGlobalSection
	GlobalSection(SolutionProperties) = preSolution
		HideSolutionNode = FALSE
	EndGlobalSection
	GlobalSection(NestedProjects) = preSolution
		{CE17EA5E-9E51-4C55-8E5B-03CBE4F05AED} = {0961C237-E948-4E35-8830-CF66445CED19}
		{988B1C49-EE9D-4944-9968-D0F2CAEB1E44} = {CE17EA5E-9E51-4C55-8E5B-03CBE4F05AED}
		{59E2B06C-E984-4591-8698-0F8EFC955ADA} = {CE17EA5E-9E51-4C55-8E5B-03CBE4F05AED}
		{E35278FF-45F6-416A-86CB-11DF488B418C} = {CE17EA5E-9E51-4C55-8E5B-03CBE4F05AED}
		{36F1232F-175F-413B-845C-17E0464AC371} = {CE17EA5E-9E51-4C55-8E5B-03CBE4F05AED}
		{D153F840-B1A4-4341-9C6D-D50AE1FB8106} = {CE17EA5E-9E51-4C55-8E5B-03CBE4F05AED}
		{AF14292D-530F-4016-8674-4A834108AE66} = {CE17EA5E-9E51-4C55-8E5B-03CBE4F05AED}
		{DF5F8AF9-B34B-48AE-9553-392C0E2F5CD2} = {988B1C49-EE9D-4944-9968-D0F2CAEB1E44}
		{839C501E-6321-42CF-B863-CB455EDDCD0E} = {59E2B06C-E984-4591-8698-0F8EFC955ADA}
		{D6A4C1FB-6977-48B3-8254-5CB0C5962A0E} = {E35278FF-45F6-416A-86CB-11DF488B418C}
		{986E5D58-2980-4CF5-A6F3-81BF11DD4B6C} = {36F1232F-175F-413B-845C-17E0464AC371}
		{C1ADC82F-E2C9-43B7-B3B9-82808002F48C} = {D153F840-B1A4-4341-9C6D-D50AE1FB8106}
		{B6D9BD76-1E6B-4F12-9AA2-9B1CFD476062} = {AF14292D-530F-4016-8674-4A834108AE66}
		{DEC9C34E-1B2E-49F1-B997-08D0CF48BA0C} = {988B1C49-EE9D-4944-9968-D0F2CAEB1E44}
		{57441DD2-CCEE-407B-94AC-FCCBA90F5D85} = {59E2B06C-E984-4591-8698-0F8EFC955ADA}
		{3FE0E6EB-AF43-4111-8ED0-C58FA879036B} = {59E2B06C-E984-4591-8698-0F8EFC955ADA}
		{FE5AC3A6-563E-496D-B13C-3E8D0B1AD1F5} = {59E2B06C-E984-4591-8698-0F8EFC955ADA}
		{1A6327FD-DC3C-426A-8060-857D3F5009EF} = {E35278FF-45F6-416A-86CB-11DF488B418C}
		{D235EC62-06E6-4057-8B20-6DF87B00D900} = {36F1232F-175F-413B-845C-17E0464AC371}
		{4A98FCD9-94B5-4C37-8082-6E38E534CBBF} = {D153F840-B1A4-4341-9C6D-D50AE1FB8106}
		{4BECCFC3-4F09-4BA2-BF7F-170F6A19F9DE} = {AF14292D-530F-4016-8674-4A834108AE66}
	EndGlobalSection
	GlobalSection(ExtensibilityGlobals) = postSolution
		SolutionGuid = {3A1629DF-0F2E-4303-99A1-1751414FDC3B}
	EndGlobalSection
EndGlobal
