
Microsoft Visual Studio Solution File, Format Version 12.00
# Visual Studio 15
VisualStudioVersion = 15.0.28307.902
MinimumVisualStudioVersion = 10.0.40219.1
Project("{2150E333-8FDC-42A3-9474-1A3956D46DE8}") = "Solution items", "Solution items", "{4974115E-6F11-45B4-A09B-8B272BD3D708}"
	ProjectSection(SolutionItems) = preProject
		.gitignore = .gitignore
		Readme.md = Readme.md
	EndProjectSection
EndProject
Project("{2150E333-8FDC-42A3-9474-1A3956D46DE8}") = "Docs", "Docs", "{DB5F14BB-309B-4FDD-9697-D3BFA76452D5}"
EndProject
Project("{2150E333-8FDC-42A3-9474-1A3956D46DE8}") = "Scripts", "Scripts", "{53926FBE-B526-4110-A7A3-C99E8556D4B9}"
EndProject
Project("{2150E333-8FDC-42A3-9474-1A3956D46DE8}") = "Src", "Src", "{0961C237-E948-4E35-8830-CF66445CED19}"
EndProject
Project("{2150E333-8FDC-42A3-9474-1A3956D46DE8}") = "Tests", "Tests", "{363A27AD-39CC-4753-B822-9841CA8515C7}"
EndProject
Project("{2150E333-8FDC-42A3-9474-1A3956D46DE8}") = "Units", "Units", "{C877C4F6-008E-43A7-BA85-4C53B1571A86}"
EndProject
Project("{2150E333-8FDC-42A3-9474-1A3956D46DE8}") = "Integration", "Integration", "{25A3EFD8-E02B-4FEE-AD5F-A8D14A57FE7E}"
EndProject
Project("{2150E333-8FDC-42A3-9474-1A3956D46DE8}") = "Functionals", "Functionals", "{3DCB597A-96BA-4011-B160-28D5F0DE7559}"
EndProject
Project("{9A19103F-16F7-4668-BE54-9A1E7A4F7556}") = "10Helmets.MS.Operations.WebApi", "10Helmets.MS.Operations.WebApi\10Helmets.MS.Operations.WebApi.csproj", "{3B9C1C7B-7D26-4C3D-AFD2-D71C5CCDC4BC}"
EndProject
Project("{9A19103F-16F7-4668-BE54-9A1E7A4F7556}") = "10Helmets.MS.HumanResources.WebApi", "10Helmets.MS.HumanResources.WebApi\10Helmets.MS.HumanResources.WebApi.csproj", "{FA8B211B-C544-4A89-95CC-5A2485D01D5B}"
EndProject
Project("{9A19103F-16F7-4668-BE54-9A1E7A4F7556}") = "10Helmets.MS.Direction.WebApi", "10Helmets.MS.Direction.WebApi\10Helmets.MS.Direction.WebApi.csproj", "{EA5D24D5-DE69-4CAE-8D32-E7C949C5CDA3}"
EndProject
Project("{9A19103F-16F7-4668-BE54-9A1E7A4F7556}") = "10Helmets.MS.Construction.WebApi", "10Helmets.MS.Construction.WebApi\10Helmets.MS.Construction.WebApi.csproj", "{158C3CDB-B8EC-435E-82C7-84EA359DAE5F}"
EndProject
Project("{9A19103F-16F7-4668-BE54-9A1E7A4F7556}") = "10Helmets.MS.CentralManagement.WebApi", "10Helmets.MS.CentralManagement.WebApi\10Helmets.MS.CentralManagement.WebApi.csproj", "{47FBB4BE-2CCA-45A6-A1DF-FF5AC87126D0}"
EndProject
Project("{9A19103F-16F7-4668-BE54-9A1E7A4F7556}") = "10Helmets.MS.Administration.WebApi", "10Helmets.MS.Administration.WebApi\10Helmets.MS.Administration.WebApi.csproj", "{A4559896-2994-4B40-A5EF-BAD3CCB704D3}"
EndProject
Project("{9A19103F-16F7-4668-BE54-9A1E7A4F7556}") = "10Helmets.MS.CentralManagement.Core", "10Helmets.MS.CentralManagement.Core\10Helmets.MS.CentralManagement.Core.csproj", "{BF7B7A41-27E8-4988-9573-BDF94F81F8A8}"
EndProject
Project("{9A19103F-16F7-4668-BE54-9A1E7A4F7556}") = "10Helmets.MS.CentralManagement.Infrastructure", "10Helmets.MS.CentralManagement.Infrastructure\10Helmets.MS.CentralManagement.Infrastructure.csproj", "{97A4B093-169C-4A03-A727-03DAAA189482}"
EndProject
Project("{9A19103F-16F7-4668-BE54-9A1E7A4F7556}") = "10Helmets.MS.Administration.WebApi.UnitTests", "10Helmets.MS.Administration.WebApi.UnitTests\10Helmets.MS.Administration.WebApi.UnitTests.csproj", "{1F1FBBAA-3FDA-478B-860F-813127B32587}"
EndProject
Project("{9A19103F-16F7-4668-BE54-9A1E7A4F7556}") = "10Helmets.MS.CentralManagement.Core.UnitTests", "10Helmets.MS.CentralManagement.Core.UnitTests\10Helmets.MS.CentralManagement.Core.UnitTests.csproj", "{82AEC4CD-4398-4C2E-9D98-E4AFE1CF3453}"
EndProject
Project("{9A19103F-16F7-4668-BE54-9A1E7A4F7556}") = "10Helmets.MS.CentralManagement.Infrastructure.UnitTests", "10Helmets.MS.CentralManagement.Infrastructure.UnitTests\10Helmets.MS.CentralManagement.Infrastructure.UnitTests.csproj", "{7FD6EBDA-A331-409C-BEE4-A0DE6F31AA90}"
EndProject
Project("{9A19103F-16F7-4668-BE54-9A1E7A4F7556}") = "10Helmets.MS.CentralManagement.WebApi.UnitTests", "10Helmets.MS.CentralManagement.WebApi.UnitTests\10Helmets.MS.CentralManagement.WebApi.UnitTests.csproj", "{E5FA37AF-D7B9-4E71-92AE-2D18479BAA31}"
EndProject
Project("{9A19103F-16F7-4668-BE54-9A1E7A4F7556}") = "10Helmets.MS.Construction.WebApi.UnitTests", "10Helmets.MS.Construction.WebApi.UnitTests\10Helmets.MS.Construction.WebApi.UnitTests.csproj", "{23AFAFC3-F624-4AE8-BAEE-652D762E52DA}"
EndProject
Project("{9A19103F-16F7-4668-BE54-9A1E7A4F7556}") = "10Helmets.MS.Direction.WebApi.UnitTests", "10Helmets.MS.Direction.WebApi.UnitTests\10Helmets.MS.Direction.WebApi.UnitTests.csproj", "{C857B6A0-286E-4EC6-874B-0621BF74D1B7}"
EndProject
Project("{9A19103F-16F7-4668-BE54-9A1E7A4F7556}") = "10Helmets.MS.HumanResources.WebApi.UnitTests", "10Helmets.MS.HumanResources.WebApi.UnitTests\10Helmets.MS.HumanResources.WebApi.UnitTests.csproj", "{FD1F3C22-1353-457E-B06B-CD9315B5FE31}"
EndProject
Project("{9A19103F-16F7-4668-BE54-9A1E7A4F7556}") = "10Helmets.MS.Operations.WebApi.UnitTests", "10Helmets.MS.Operations.WebApi.UnitTests\10Helmets.MS.Operations.WebApi.UnitTests.csproj", "{41C91027-3108-4343-952A-D8C5381EB451}"
EndProject
Global
	GlobalSection(SolutionConfigurationPlatforms) = preSolution
		Debug|Any CPU = Debug|Any CPU
		Release|Any CPU = Release|Any CPU
	EndGlobalSection
	GlobalSection(ProjectConfigurationPlatforms) = postSolution
		{3B9C1C7B-7D26-4C3D-AFD2-D71C5CCDC4BC}.Debug|Any CPU.ActiveCfg = Debug|Any CPU
		{3B9C1C7B-7D26-4C3D-AFD2-D71C5CCDC4BC}.Debug|Any CPU.Build.0 = Debug|Any CPU
		{3B9C1C7B-7D26-4C3D-AFD2-D71C5CCDC4BC}.Release|Any CPU.ActiveCfg = Release|Any CPU
		{3B9C1C7B-7D26-4C3D-AFD2-D71C5CCDC4BC}.Release|Any CPU.Build.0 = Release|Any CPU
		{FA8B211B-C544-4A89-95CC-5A2485D01D5B}.Debug|Any CPU.ActiveCfg = Debug|Any CPU
		{FA8B211B-C544-4A89-95CC-5A2485D01D5B}.Debug|Any CPU.Build.0 = Debug|Any CPU
		{FA8B211B-C544-4A89-95CC-5A2485D01D5B}.Release|Any CPU.ActiveCfg = Release|Any CPU
		{FA8B211B-C544-4A89-95CC-5A2485D01D5B}.Release|Any CPU.Build.0 = Release|Any CPU
		{EA5D24D5-DE69-4CAE-8D32-E7C949C5CDA3}.Debug|Any CPU.ActiveCfg = Debug|Any CPU
		{EA5D24D5-DE69-4CAE-8D32-E7C949C5CDA3}.Debug|Any CPU.Build.0 = Debug|Any CPU
		{EA5D24D5-DE69-4CAE-8D32-E7C949C5CDA3}.Release|Any CPU.ActiveCfg = Release|Any CPU
		{EA5D24D5-DE69-4CAE-8D32-E7C949C5CDA3}.Release|Any CPU.Build.0 = Release|Any CPU
		{158C3CDB-B8EC-435E-82C7-84EA359DAE5F}.Debug|Any CPU.ActiveCfg = Debug|Any CPU
		{158C3CDB-B8EC-435E-82C7-84EA359DAE5F}.Debug|Any CPU.Build.0 = Debug|Any CPU
		{158C3CDB-B8EC-435E-82C7-84EA359DAE5F}.Release|Any CPU.ActiveCfg = Release|Any CPU
		{158C3CDB-B8EC-435E-82C7-84EA359DAE5F}.Release|Any CPU.Build.0 = Release|Any CPU
		{47FBB4BE-2CCA-45A6-A1DF-FF5AC87126D0}.Debug|Any CPU.ActiveCfg = Debug|Any CPU
		{47FBB4BE-2CCA-45A6-A1DF-FF5AC87126D0}.Debug|Any CPU.Build.0 = Debug|Any CPU
		{47FBB4BE-2CCA-45A6-A1DF-FF5AC87126D0}.Release|Any CPU.ActiveCfg = Release|Any CPU
		{47FBB4BE-2CCA-45A6-A1DF-FF5AC87126D0}.Release|Any CPU.Build.0 = Release|Any CPU
		{A4559896-2994-4B40-A5EF-BAD3CCB704D3}.Debug|Any CPU.ActiveCfg = Debug|Any CPU
		{A4559896-2994-4B40-A5EF-BAD3CCB704D3}.Debug|Any CPU.Build.0 = Debug|Any CPU
		{A4559896-2994-4B40-A5EF-BAD3CCB704D3}.Release|Any CPU.ActiveCfg = Release|Any CPU
		{A4559896-2994-4B40-A5EF-BAD3CCB704D3}.Release|Any CPU.Build.0 = Release|Any CPU
		{BF7B7A41-27E8-4988-9573-BDF94F81F8A8}.Debug|Any CPU.ActiveCfg = Debug|Any CPU
		{BF7B7A41-27E8-4988-9573-BDF94F81F8A8}.Debug|Any CPU.Build.0 = Debug|Any CPU
		{BF7B7A41-27E8-4988-9573-BDF94F81F8A8}.Release|Any CPU.ActiveCfg = Release|Any CPU
		{BF7B7A41-27E8-4988-9573-BDF94F81F8A8}.Release|Any CPU.Build.0 = Release|Any CPU
		{97A4B093-169C-4A03-A727-03DAAA189482}.Debug|Any CPU.ActiveCfg = Debug|Any CPU
		{97A4B093-169C-4A03-A727-03DAAA189482}.Debug|Any CPU.Build.0 = Debug|Any CPU
		{97A4B093-169C-4A03-A727-03DAAA189482}.Release|Any CPU.ActiveCfg = Release|Any CPU
		{97A4B093-169C-4A03-A727-03DAAA189482}.Release|Any CPU.Build.0 = Release|Any CPU
		{1F1FBBAA-3FDA-478B-860F-813127B32587}.Debug|Any CPU.ActiveCfg = Debug|Any CPU
		{1F1FBBAA-3FDA-478B-860F-813127B32587}.Debug|Any CPU.Build.0 = Debug|Any CPU
		{1F1FBBAA-3FDA-478B-860F-813127B32587}.Release|Any CPU.ActiveCfg = Release|Any CPU
		{1F1FBBAA-3FDA-478B-860F-813127B32587}.Release|Any CPU.Build.0 = Release|Any CPU
		{82AEC4CD-4398-4C2E-9D98-E4AFE1CF3453}.Debug|Any CPU.ActiveCfg = Debug|Any CPU
		{82AEC4CD-4398-4C2E-9D98-E4AFE1CF3453}.Debug|Any CPU.Build.0 = Debug|Any CPU
		{82AEC4CD-4398-4C2E-9D98-E4AFE1CF3453}.Release|Any CPU.ActiveCfg = Release|Any CPU
		{82AEC4CD-4398-4C2E-9D98-E4AFE1CF3453}.Release|Any CPU.Build.0 = Release|Any CPU
		{7FD6EBDA-A331-409C-BEE4-A0DE6F31AA90}.Debug|Any CPU.ActiveCfg = Debug|Any CPU
		{7FD6EBDA-A331-409C-BEE4-A0DE6F31AA90}.Debug|Any CPU.Build.0 = Debug|Any CPU
		{7FD6EBDA-A331-409C-BEE4-A0DE6F31AA90}.Release|Any CPU.ActiveCfg = Release|Any CPU
		{7FD6EBDA-A331-409C-BEE4-A0DE6F31AA90}.Release|Any CPU.Build.0 = Release|Any CPU
		{E5FA37AF-D7B9-4E71-92AE-2D18479BAA31}.Debug|Any CPU.ActiveCfg = Debug|Any CPU
		{E5FA37AF-D7B9-4E71-92AE-2D18479BAA31}.Debug|Any CPU.Build.0 = Debug|Any CPU
		{E5FA37AF-D7B9-4E71-92AE-2D18479BAA31}.Release|Any CPU.ActiveCfg = Release|Any CPU
		{E5FA37AF-D7B9-4E71-92AE-2D18479BAA31}.Release|Any CPU.Build.0 = Release|Any CPU
		{23AFAFC3-F624-4AE8-BAEE-652D762E52DA}.Debug|Any CPU.ActiveCfg = Debug|Any CPU
		{23AFAFC3-F624-4AE8-BAEE-652D762E52DA}.Debug|Any CPU.Build.0 = Debug|Any CPU
		{23AFAFC3-F624-4AE8-BAEE-652D762E52DA}.Release|Any CPU.ActiveCfg = Release|Any CPU
		{23AFAFC3-F624-4AE8-BAEE-652D762E52DA}.Release|Any CPU.Build.0 = Release|Any CPU
		{C857B6A0-286E-4EC6-874B-0621BF74D1B7}.Debug|Any CPU.ActiveCfg = Debug|Any CPU
		{C857B6A0-286E-4EC6-874B-0621BF74D1B7}.Debug|Any CPU.Build.0 = Debug|Any CPU
		{C857B6A0-286E-4EC6-874B-0621BF74D1B7}.Release|Any CPU.ActiveCfg = Release|Any CPU
		{C857B6A0-286E-4EC6-874B-0621BF74D1B7}.Release|Any CPU.Build.0 = Release|Any CPU
		{FD1F3C22-1353-457E-B06B-CD9315B5FE31}.Debug|Any CPU.ActiveCfg = Debug|Any CPU
		{FD1F3C22-1353-457E-B06B-CD9315B5FE31}.Debug|Any CPU.Build.0 = Debug|Any CPU
		{FD1F3C22-1353-457E-B06B-CD9315B5FE31}.Release|Any CPU.ActiveCfg = Release|Any CPU
		{FD1F3C22-1353-457E-B06B-CD9315B5FE31}.Release|Any CPU.Build.0 = Release|Any CPU
		{41C91027-3108-4343-952A-D8C5381EB451}.Debug|Any CPU.ActiveCfg = Debug|Any CPU
		{41C91027-3108-4343-952A-D8C5381EB451}.Debug|Any CPU.Build.0 = Debug|Any CPU
		{41C91027-3108-4343-952A-D8C5381EB451}.Release|Any CPU.ActiveCfg = Release|Any CPU
		{41C91027-3108-4343-952A-D8C5381EB451}.Release|Any CPU.Build.0 = Release|Any CPU
	EndGlobalSection
	GlobalSection(SolutionProperties) = preSolution
		HideSolutionNode = FALSE
	EndGlobalSection
	GlobalSection(NestedProjects) = preSolution
		{DB5F14BB-309B-4FDD-9697-D3BFA76452D5} = {4974115E-6F11-45B4-A09B-8B272BD3D708}
		{53926FBE-B526-4110-A7A3-C99E8556D4B9} = {4974115E-6F11-45B4-A09B-8B272BD3D708}
		{C877C4F6-008E-43A7-BA85-4C53B1571A86} = {363A27AD-39CC-4753-B822-9841CA8515C7}
		{25A3EFD8-E02B-4FEE-AD5F-A8D14A57FE7E} = {363A27AD-39CC-4753-B822-9841CA8515C7}
		{3DCB597A-96BA-4011-B160-28D5F0DE7559} = {363A27AD-39CC-4753-B822-9841CA8515C7}
		{3B9C1C7B-7D26-4C3D-AFD2-D71C5CCDC4BC} = {0961C237-E948-4E35-8830-CF66445CED19}
		{FA8B211B-C544-4A89-95CC-5A2485D01D5B} = {0961C237-E948-4E35-8830-CF66445CED19}
		{EA5D24D5-DE69-4CAE-8D32-E7C949C5CDA3} = {0961C237-E948-4E35-8830-CF66445CED19}
		{158C3CDB-B8EC-435E-82C7-84EA359DAE5F} = {0961C237-E948-4E35-8830-CF66445CED19}
		{47FBB4BE-2CCA-45A6-A1DF-FF5AC87126D0} = {0961C237-E948-4E35-8830-CF66445CED19}
		{A4559896-2994-4B40-A5EF-BAD3CCB704D3} = {0961C237-E948-4E35-8830-CF66445CED19}
		{BF7B7A41-27E8-4988-9573-BDF94F81F8A8} = {0961C237-E948-4E35-8830-CF66445CED19}
		{97A4B093-169C-4A03-A727-03DAAA189482} = {0961C237-E948-4E35-8830-CF66445CED19}
		{1F1FBBAA-3FDA-478B-860F-813127B32587} = {C877C4F6-008E-43A7-BA85-4C53B1571A86}
		{82AEC4CD-4398-4C2E-9D98-E4AFE1CF3453} = {C877C4F6-008E-43A7-BA85-4C53B1571A86}
		{7FD6EBDA-A331-409C-BEE4-A0DE6F31AA90} = {C877C4F6-008E-43A7-BA85-4C53B1571A86}
		{E5FA37AF-D7B9-4E71-92AE-2D18479BAA31} = {C877C4F6-008E-43A7-BA85-4C53B1571A86}
		{23AFAFC3-F624-4AE8-BAEE-652D762E52DA} = {C877C4F6-008E-43A7-BA85-4C53B1571A86}
		{C857B6A0-286E-4EC6-874B-0621BF74D1B7} = {C877C4F6-008E-43A7-BA85-4C53B1571A86}
		{FD1F3C22-1353-457E-B06B-CD9315B5FE31} = {C877C4F6-008E-43A7-BA85-4C53B1571A86}
		{41C91027-3108-4343-952A-D8C5381EB451} = {C877C4F6-008E-43A7-BA85-4C53B1571A86}
	EndGlobalSection
	GlobalSection(ExtensibilityGlobals) = postSolution
		SolutionGuid = {3A1629DF-0F2E-4303-99A1-1751414FDC3B}
	EndGlobalSection
EndGlobal
