
Microsoft Visual Studio Solution File, Format Version 12.00
# Visual Studio Version 16
VisualStudioVersion = 16.0.29806.167
MinimumVisualStudioVersion = 10.0.40219.1
Project("{2150E333-8FDC-42A3-9474-1A3956D46DE8}") = "Solution items", "Solution items", "{4974115E-6F11-45B4-A09B-8B272BD3D708}"
	ProjectSection(SolutionItems) = preProject
		deployment.yamle = deployment.yamle
		pod.yamle = pod.yamle
		Readme.md = Readme.md
		service.yamle = service.yamle
	EndProjectSection
EndProject
Project("{2150E333-8FDC-42A3-9474-1A3956D46DE8}") = "Docs", "Docs", "{DB5F14BB-309B-4FDD-9697-D3BFA76452D5}"
EndProject
Project("{2150E333-8FDC-42A3-9474-1A3956D46DE8}") = "Scripts", "Scripts", "{53926FBE-B526-4110-A7A3-C99E8556D4B9}"
EndProject
Project("{2150E333-8FDC-42A3-9474-1A3956D46DE8}") = "Src", "Src", "{0961C237-E948-4E35-8830-CF66445CED19}"
EndProject
Project("{2150E333-8FDC-42A3-9474-1A3956D46DE8}") = "ApiGateways", "ApiGateways", "{252B8C95-5107-4966-B333-58BC263A3A68}"
EndProject
Project("{2150E333-8FDC-42A3-9474-1A3956D46DE8}") = "ApiGatewayBase", "ApiGatewayBase", "{8EFA03FA-66FF-4758-A17A-EAEF9414CE25}"
EndProject
Project("{2150E333-8FDC-42A3-9474-1A3956D46DE8}") = "Services", "Services", "{B94E692F-D1EE-407C-B753-140723CC170F}"
EndProject
Project("{2150E333-8FDC-42A3-9474-1A3956D46DE8}") = "Administration", "Administration", "{9D26BCDF-2CFD-4948-A591-4F572A94AEAA}"
EndProject
Project("{2150E333-8FDC-42A3-9474-1A3956D46DE8}") = "CentralManagement", "CentralManagement", "{788CFC8F-2B96-421E-880C-74C114187A43}"
EndProject
Project("{2150E333-8FDC-42A3-9474-1A3956D46DE8}") = "Construction", "Construction", "{D019A331-2B2D-4723-9408-4691EADE0F5F}"
EndProject
Project("{2150E333-8FDC-42A3-9474-1A3956D46DE8}") = "Direction", "Direction", "{FCF5380C-9743-4ED6-9F45-C7D0E3FA456B}"
EndProject
Project("{2150E333-8FDC-42A3-9474-1A3956D46DE8}") = "HumanResources", "HumanResources", "{CE5A87FF-D05E-4847-8394-AA54ABC92CFA}"
EndProject
Project("{2150E333-8FDC-42A3-9474-1A3956D46DE8}") = "Operations", "Operations", "{07552446-7ECD-427D-95C5-7D4A351ADA23}"
EndProject
Project("{2150E333-8FDC-42A3-9474-1A3956D46DE8}") = "Tests", "Tests", "{196FDD69-FD40-4F5B-AD50-94D70EB0A39D}"
EndProject
Project("{2150E333-8FDC-42A3-9474-1A3956D46DE8}") = "Tests", "Tests", "{B20A41BD-83B1-4C96-B0E2-80EB02C6132C}"
EndProject
Project("{2150E333-8FDC-42A3-9474-1A3956D46DE8}") = "Tests", "Tests", "{A2703A59-BB22-458B-8313-DCA49486C818}"
EndProject
Project("{2150E333-8FDC-42A3-9474-1A3956D46DE8}") = "Tests", "Tests", "{E964BE81-6D94-4F42-BAA5-C34429979C41}"
EndProject
Project("{2150E333-8FDC-42A3-9474-1A3956D46DE8}") = "Tests", "Tests", "{96AE6251-8A92-4259-96EA-B17780ECDD28}"
EndProject
Project("{2150E333-8FDC-42A3-9474-1A3956D46DE8}") = "Tests", "Tests", "{D55693B8-E357-4BF5-A076-C1093658BD80}"
EndProject
Project("{9A19103F-16F7-4668-BE54-9A1E7A4F7556}") = "TenHelmets.MS.Administration.WebApi", "TenHelmets.MS.Administration.WebApi\TenHelmets.MS.Administration.WebApi.csproj", "{F3486EAD-E5B9-4E15-9C53-166499F18923}"
EndProject
Project("{9A19103F-16F7-4668-BE54-9A1E7A4F7556}") = "TenHelmets.MS.CentralManagement.WebApi", "TenHelmets.MS.CentralManagement.WebApi\TenHelmets.MS.CentralManagement.WebApi.csproj", "{07127A18-872D-4B6E-BB70-701E8662999F}"
EndProject
Project("{9A19103F-16F7-4668-BE54-9A1E7A4F7556}") = "TenHelmets.MS.CentralManagement.Core", "TenHelmets.MS.CentralManagement.Core\TenHelmets.MS.CentralManagement.Core.csproj", "{C44DF36A-1DAA-4702-ACAF-2F566D875D1D}"
EndProject
Project("{9A19103F-16F7-4668-BE54-9A1E7A4F7556}") = "TenHelmets.MS.CentralManagement.Infrastructure", "TenHelmets.MS.CentralManagement.Infrastructure\TenHelmets.MS.CentralManagement.Infrastructure.csproj", "{75668C25-18B4-450A-8E5F-A78ED28F393D}"
EndProject
Project("{9A19103F-16F7-4668-BE54-9A1E7A4F7556}") = "TenHelmets.MS.Construction.WebApi", "TenHelmets.MS.Construction.WebApi\TenHelmets.MS.Construction.WebApi.csproj", "{E6B7EFAC-5B92-4D8E-86D5-EDBD61E54E13}"
EndProject
Project("{9A19103F-16F7-4668-BE54-9A1E7A4F7556}") = "TenHelmets.MS.Direction.WebApi", "TenHelmets.MS.Direction.WebApi\TenHelmets.MS.Direction.WebApi.csproj", "{34F72D0A-9686-4BD4-8D9F-165995935E9B}"
EndProject
Project("{9A19103F-16F7-4668-BE54-9A1E7A4F7556}") = "TenHelmets.MS.HumanResources.WebApi", "TenHelmets.MS.HumanResources.WebApi\TenHelmets.MS.HumanResources.WebApi.csproj", "{E335261D-D77C-42F1-AEEE-FCAFABF58179}"
EndProject
Project("{9A19103F-16F7-4668-BE54-9A1E7A4F7556}") = "TenHelmets.MS.Operations.WebApi", "TenHelmets.MS.Operations.WebApi\TenHelmets.MS.Operations.WebApi.csproj", "{E2308A7A-CCCA-47F7-85B3-E70ECE98AD59}"
EndProject
Project("{9A19103F-16F7-4668-BE54-9A1E7A4F7556}") = "TenHelmets.MS.Administration.WebApi.UnitTests", "TenHelmets.MS.Administration.WebApi.UnitTests\TenHelmets.MS.Administration.WebApi.UnitTests.csproj", "{DA054E15-A7BF-4BA5-92AD-465F5008D03E}"
EndProject
Project("{9A19103F-16F7-4668-BE54-9A1E7A4F7556}") = "TenHelmets.MS.CentralManagement.Core.UnitTests", "TenHelmets.MS.CentralManagement.Core.UnitTests\TenHelmets.MS.CentralManagement.Core.UnitTests.csproj", "{1DFE260F-C675-4C0A-AF95-446A75C16A21}"
EndProject
Project("{9A19103F-16F7-4668-BE54-9A1E7A4F7556}") = "TenHelmets.MS.CentralManagement.Infrastructure.UnitTests", "TenHelmets.MS.CentralManagement.Infrastructure.UnitTests\TenHelmets.MS.CentralManagement.Infrastructure.UnitTests.csproj", "{113FB3AE-E96F-4978-9008-E50FF60F909E}"
EndProject
Project("{9A19103F-16F7-4668-BE54-9A1E7A4F7556}") = "TenHelmets.MS.CentralManagement.WebApi.UnitTests", "TenHelmets.MS.CentralManagement.WebApi.UnitTests\TenHelmets.MS.CentralManagement.WebApi.UnitTests.csproj", "{6DEF9C9E-3DDD-420E-A21B-DF53FD7F1D56}"
EndProject
Project("{9A19103F-16F7-4668-BE54-9A1E7A4F7556}") = "TenHelmets.MS.Construction.WebApi.UnitTests", "TenHelmets.MS.Construction.WebApi.UnitTests\TenHelmets.MS.Construction.WebApi.UnitTests.csproj", "{6D580D0B-261D-4DEF-AC65-9C7A99F640EA}"
EndProject
Project("{9A19103F-16F7-4668-BE54-9A1E7A4F7556}") = "TenHelmets.MS.Direction.WebApi.UnitTests", "TenHelmets.MS.Direction.WebApi.UnitTests\TenHelmets.MS.Direction.WebApi.UnitTests.csproj", "{068CD24A-BFAE-440B-9630-2E55FF0BCE68}"
EndProject
Project("{9A19103F-16F7-4668-BE54-9A1E7A4F7556}") = "TenHelmets.MS.HumanResources.WebApi.UnitTests", "TenHelmets.MS.HumanResources.WebApi.UnitTests\TenHelmets.MS.HumanResources.WebApi.UnitTests.csproj", "{B5FEC4AD-409A-49A7-A412-D8E950A6DA1A}"
EndProject
Project("{9A19103F-16F7-4668-BE54-9A1E7A4F7556}") = "TenHelmets.MS.Operations.WebApi.UnitTests", "TenHelmets.MS.Operations.WebApi.UnitTests\TenHelmets.MS.Operations.WebApi.UnitTests.csproj", "{CBB06100-A3BD-40AB-B570-A8DEE5A82CD5}"
EndProject
Project("{2150E333-8FDC-42A3-9474-1A3956D46DE8}") = "Identity", "Identity", "{C5D42E3C-3F0C-4230-A34E-DAC5978748F1}"
EndProject
Project("{2150E333-8FDC-42A3-9474-1A3956D46DE8}") = "Tests", "Tests", "{7AF7F0A4-0B75-4D39-A8A6-F13DA295D3E6}"
EndProject
Project("{9A19103F-16F7-4668-BE54-9A1E7A4F7556}") = "TenHelmets.MS.Identity.webApi", "TenHelmets.MS.Identity.webApi\TenHelmets.MS.Identity.webApi.csproj", "{DA5A2614-C998-4BEA-AB49-910EE06310D7}"
EndProject
Project("{9A19103F-16F7-4668-BE54-9A1E7A4F7556}") = "TenHelmets.MS.Identity.webApi.UnitTests", "TenHelmets.MS.Identity.webApi.UnitTests\TenHelmets.MS.Identity.webApi.UnitTests.csproj", "{381122B7-FE58-4B4C-8EF3-9A51F7AC2337}"
EndProject
Project("{E53339B2-1760-4266-BCC7-CA923CBCF16C}") = "docker-compose", "docker-compose.dcproj", "{7F602445-B5CB-4E54-93D0-20544FFFD462}"
EndProject
Project("{2150E333-8FDC-42A3-9474-1A3956D46DE8}") = "BuildingBlocks", "BuildingBlocks", "{46E52B33-9F31-4900-A1AE-7CAA64256C70}"
EndProject
Project("{9A19103F-16F7-4668-BE54-9A1E7A4F7556}") = "IdentityServer", "..\IdentityServer\IdentityServer.csproj", "{A7488694-7272-4BBB-9850-9E012AC8CC97}"
EndProject
Project("{2150E333-8FDC-42A3-9474-1A3956D46DE8}") = "Security", "Security", "{292312A0-702A-41F1-A6EF-7EFDC79140A8}"
EndProject
Global
	GlobalSection(SolutionConfigurationPlatforms) = preSolution
		Debug|Any CPU = Debug|Any CPU
		Release|Any CPU = Release|Any CPU
	EndGlobalSection
	GlobalSection(ProjectConfigurationPlatforms) = postSolution
		{F3486EAD-E5B9-4E15-9C53-166499F18923}.Debug|Any CPU.ActiveCfg = Debug|Any CPU
		{F3486EAD-E5B9-4E15-9C53-166499F18923}.Debug|Any CPU.Build.0 = Debug|Any CPU
		{F3486EAD-E5B9-4E15-9C53-166499F18923}.Release|Any CPU.ActiveCfg = Release|Any CPU
		{F3486EAD-E5B9-4E15-9C53-166499F18923}.Release|Any CPU.Build.0 = Release|Any CPU
		{07127A18-872D-4B6E-BB70-701E8662999F}.Debug|Any CPU.ActiveCfg = Debug|Any CPU
		{07127A18-872D-4B6E-BB70-701E8662999F}.Debug|Any CPU.Build.0 = Debug|Any CPU
		{07127A18-872D-4B6E-BB70-701E8662999F}.Release|Any CPU.ActiveCfg = Release|Any CPU
		{07127A18-872D-4B6E-BB70-701E8662999F}.Release|Any CPU.Build.0 = Release|Any CPU
		{C44DF36A-1DAA-4702-ACAF-2F566D875D1D}.Debug|Any CPU.ActiveCfg = Debug|Any CPU
		{C44DF36A-1DAA-4702-ACAF-2F566D875D1D}.Debug|Any CPU.Build.0 = Debug|Any CPU
		{C44DF36A-1DAA-4702-ACAF-2F566D875D1D}.Release|Any CPU.ActiveCfg = Release|Any CPU
		{C44DF36A-1DAA-4702-ACAF-2F566D875D1D}.Release|Any CPU.Build.0 = Release|Any CPU
		{75668C25-18B4-450A-8E5F-A78ED28F393D}.Debug|Any CPU.ActiveCfg = Debug|Any CPU
		{75668C25-18B4-450A-8E5F-A78ED28F393D}.Debug|Any CPU.Build.0 = Debug|Any CPU
		{75668C25-18B4-450A-8E5F-A78ED28F393D}.Release|Any CPU.ActiveCfg = Release|Any CPU
		{75668C25-18B4-450A-8E5F-A78ED28F393D}.Release|Any CPU.Build.0 = Release|Any CPU
		{E6B7EFAC-5B92-4D8E-86D5-EDBD61E54E13}.Debug|Any CPU.ActiveCfg = Debug|Any CPU
		{E6B7EFAC-5B92-4D8E-86D5-EDBD61E54E13}.Debug|Any CPU.Build.0 = Debug|Any CPU
		{E6B7EFAC-5B92-4D8E-86D5-EDBD61E54E13}.Release|Any CPU.ActiveCfg = Release|Any CPU
		{E6B7EFAC-5B92-4D8E-86D5-EDBD61E54E13}.Release|Any CPU.Build.0 = Release|Any CPU
		{34F72D0A-9686-4BD4-8D9F-165995935E9B}.Debug|Any CPU.ActiveCfg = Debug|Any CPU
		{34F72D0A-9686-4BD4-8D9F-165995935E9B}.Debug|Any CPU.Build.0 = Debug|Any CPU
		{34F72D0A-9686-4BD4-8D9F-165995935E9B}.Release|Any CPU.ActiveCfg = Release|Any CPU
		{34F72D0A-9686-4BD4-8D9F-165995935E9B}.Release|Any CPU.Build.0 = Release|Any CPU
		{E335261D-D77C-42F1-AEEE-FCAFABF58179}.Debug|Any CPU.ActiveCfg = Debug|Any CPU
		{E335261D-D77C-42F1-AEEE-FCAFABF58179}.Debug|Any CPU.Build.0 = Debug|Any CPU
		{E335261D-D77C-42F1-AEEE-FCAFABF58179}.Release|Any CPU.ActiveCfg = Release|Any CPU
		{E335261D-D77C-42F1-AEEE-FCAFABF58179}.Release|Any CPU.Build.0 = Release|Any CPU
		{E2308A7A-CCCA-47F7-85B3-E70ECE98AD59}.Debug|Any CPU.ActiveCfg = Debug|Any CPU
		{E2308A7A-CCCA-47F7-85B3-E70ECE98AD59}.Debug|Any CPU.Build.0 = Debug|Any CPU
		{E2308A7A-CCCA-47F7-85B3-E70ECE98AD59}.Release|Any CPU.ActiveCfg = Release|Any CPU
		{E2308A7A-CCCA-47F7-85B3-E70ECE98AD59}.Release|Any CPU.Build.0 = Release|Any CPU
		{DA054E15-A7BF-4BA5-92AD-465F5008D03E}.Debug|Any CPU.ActiveCfg = Debug|Any CPU
		{DA054E15-A7BF-4BA5-92AD-465F5008D03E}.Debug|Any CPU.Build.0 = Debug|Any CPU
		{DA054E15-A7BF-4BA5-92AD-465F5008D03E}.Release|Any CPU.ActiveCfg = Release|Any CPU
		{DA054E15-A7BF-4BA5-92AD-465F5008D03E}.Release|Any CPU.Build.0 = Release|Any CPU
		{1DFE260F-C675-4C0A-AF95-446A75C16A21}.Debug|Any CPU.ActiveCfg = Debug|Any CPU
		{1DFE260F-C675-4C0A-AF95-446A75C16A21}.Debug|Any CPU.Build.0 = Debug|Any CPU
		{1DFE260F-C675-4C0A-AF95-446A75C16A21}.Release|Any CPU.ActiveCfg = Release|Any CPU
		{1DFE260F-C675-4C0A-AF95-446A75C16A21}.Release|Any CPU.Build.0 = Release|Any CPU
		{113FB3AE-E96F-4978-9008-E50FF60F909E}.Debug|Any CPU.ActiveCfg = Debug|Any CPU
		{113FB3AE-E96F-4978-9008-E50FF60F909E}.Debug|Any CPU.Build.0 = Debug|Any CPU
		{113FB3AE-E96F-4978-9008-E50FF60F909E}.Release|Any CPU.ActiveCfg = Release|Any CPU
		{113FB3AE-E96F-4978-9008-E50FF60F909E}.Release|Any CPU.Build.0 = Release|Any CPU
		{6DEF9C9E-3DDD-420E-A21B-DF53FD7F1D56}.Debug|Any CPU.ActiveCfg = Debug|Any CPU
		{6DEF9C9E-3DDD-420E-A21B-DF53FD7F1D56}.Debug|Any CPU.Build.0 = Debug|Any CPU
		{6DEF9C9E-3DDD-420E-A21B-DF53FD7F1D56}.Release|Any CPU.ActiveCfg = Release|Any CPU
		{6DEF9C9E-3DDD-420E-A21B-DF53FD7F1D56}.Release|Any CPU.Build.0 = Release|Any CPU
		{6D580D0B-261D-4DEF-AC65-9C7A99F640EA}.Debug|Any CPU.ActiveCfg = Debug|Any CPU
		{6D580D0B-261D-4DEF-AC65-9C7A99F640EA}.Debug|Any CPU.Build.0 = Debug|Any CPU
		{6D580D0B-261D-4DEF-AC65-9C7A99F640EA}.Release|Any CPU.ActiveCfg = Release|Any CPU
		{6D580D0B-261D-4DEF-AC65-9C7A99F640EA}.Release|Any CPU.Build.0 = Release|Any CPU
		{068CD24A-BFAE-440B-9630-2E55FF0BCE68}.Debug|Any CPU.ActiveCfg = Debug|Any CPU
		{068CD24A-BFAE-440B-9630-2E55FF0BCE68}.Debug|Any CPU.Build.0 = Debug|Any CPU
		{068CD24A-BFAE-440B-9630-2E55FF0BCE68}.Release|Any CPU.ActiveCfg = Release|Any CPU
		{068CD24A-BFAE-440B-9630-2E55FF0BCE68}.Release|Any CPU.Build.0 = Release|Any CPU
		{B5FEC4AD-409A-49A7-A412-D8E950A6DA1A}.Debug|Any CPU.ActiveCfg = Debug|Any CPU
		{B5FEC4AD-409A-49A7-A412-D8E950A6DA1A}.Debug|Any CPU.Build.0 = Debug|Any CPU
		{B5FEC4AD-409A-49A7-A412-D8E950A6DA1A}.Release|Any CPU.ActiveCfg = Release|Any CPU
		{B5FEC4AD-409A-49A7-A412-D8E950A6DA1A}.Release|Any CPU.Build.0 = Release|Any CPU
		{CBB06100-A3BD-40AB-B570-A8DEE5A82CD5}.Debug|Any CPU.ActiveCfg = Debug|Any CPU
		{CBB06100-A3BD-40AB-B570-A8DEE5A82CD5}.Debug|Any CPU.Build.0 = Debug|Any CPU
		{CBB06100-A3BD-40AB-B570-A8DEE5A82CD5}.Release|Any CPU.ActiveCfg = Release|Any CPU
		{CBB06100-A3BD-40AB-B570-A8DEE5A82CD5}.Release|Any CPU.Build.0 = Release|Any CPU
		{DA5A2614-C998-4BEA-AB49-910EE06310D7}.Debug|Any CPU.ActiveCfg = Debug|Any CPU
		{DA5A2614-C998-4BEA-AB49-910EE06310D7}.Debug|Any CPU.Build.0 = Debug|Any CPU
		{DA5A2614-C998-4BEA-AB49-910EE06310D7}.Release|Any CPU.ActiveCfg = Release|Any CPU
		{DA5A2614-C998-4BEA-AB49-910EE06310D7}.Release|Any CPU.Build.0 = Release|Any CPU
		{381122B7-FE58-4B4C-8EF3-9A51F7AC2337}.Debug|Any CPU.ActiveCfg = Debug|Any CPU
		{381122B7-FE58-4B4C-8EF3-9A51F7AC2337}.Debug|Any CPU.Build.0 = Debug|Any CPU
		{381122B7-FE58-4B4C-8EF3-9A51F7AC2337}.Release|Any CPU.ActiveCfg = Release|Any CPU
		{381122B7-FE58-4B4C-8EF3-9A51F7AC2337}.Release|Any CPU.Build.0 = Release|Any CPU
		{7F602445-B5CB-4E54-93D0-20544FFFD462}.Debug|Any CPU.ActiveCfg = Debug|Any CPU
		{7F602445-B5CB-4E54-93D0-20544FFFD462}.Debug|Any CPU.Build.0 = Debug|Any CPU
		{7F602445-B5CB-4E54-93D0-20544FFFD462}.Release|Any CPU.ActiveCfg = Release|Any CPU
		{7F602445-B5CB-4E54-93D0-20544FFFD462}.Release|Any CPU.Build.0 = Release|Any CPU
		{A7488694-7272-4BBB-9850-9E012AC8CC97}.Debug|Any CPU.ActiveCfg = Debug|Any CPU
		{A7488694-7272-4BBB-9850-9E012AC8CC97}.Debug|Any CPU.Build.0 = Debug|Any CPU
		{A7488694-7272-4BBB-9850-9E012AC8CC97}.Release|Any CPU.ActiveCfg = Release|Any CPU
		{A7488694-7272-4BBB-9850-9E012AC8CC97}.Release|Any CPU.Build.0 = Release|Any CPU
	EndGlobalSection
	GlobalSection(SolutionProperties) = preSolution
		HideSolutionNode = FALSE
	EndGlobalSection
	GlobalSection(NestedProjects) = preSolution
		{DB5F14BB-309B-4FDD-9697-D3BFA76452D5} = {4974115E-6F11-45B4-A09B-8B272BD3D708}
		{53926FBE-B526-4110-A7A3-C99E8556D4B9} = {4974115E-6F11-45B4-A09B-8B272BD3D708}
		{252B8C95-5107-4966-B333-58BC263A3A68} = {0961C237-E948-4E35-8830-CF66445CED19}
		{8EFA03FA-66FF-4758-A17A-EAEF9414CE25} = {252B8C95-5107-4966-B333-58BC263A3A68}
		{B94E692F-D1EE-407C-B753-140723CC170F} = {0961C237-E948-4E35-8830-CF66445CED19}
		{9D26BCDF-2CFD-4948-A591-4F572A94AEAA} = {B94E692F-D1EE-407C-B753-140723CC170F}
		{788CFC8F-2B96-421E-880C-74C114187A43} = {B94E692F-D1EE-407C-B753-140723CC170F}
		{D019A331-2B2D-4723-9408-4691EADE0F5F} = {B94E692F-D1EE-407C-B753-140723CC170F}
		{FCF5380C-9743-4ED6-9F45-C7D0E3FA456B} = {B94E692F-D1EE-407C-B753-140723CC170F}
		{CE5A87FF-D05E-4847-8394-AA54ABC92CFA} = {B94E692F-D1EE-407C-B753-140723CC170F}
		{07552446-7ECD-427D-95C5-7D4A351ADA23} = {B94E692F-D1EE-407C-B753-140723CC170F}
		{196FDD69-FD40-4F5B-AD50-94D70EB0A39D} = {9D26BCDF-2CFD-4948-A591-4F572A94AEAA}
		{B20A41BD-83B1-4C96-B0E2-80EB02C6132C} = {788CFC8F-2B96-421E-880C-74C114187A43}
		{A2703A59-BB22-458B-8313-DCA49486C818} = {D019A331-2B2D-4723-9408-4691EADE0F5F}
		{E964BE81-6D94-4F42-BAA5-C34429979C41} = {FCF5380C-9743-4ED6-9F45-C7D0E3FA456B}
		{96AE6251-8A92-4259-96EA-B17780ECDD28} = {CE5A87FF-D05E-4847-8394-AA54ABC92CFA}
		{D55693B8-E357-4BF5-A076-C1093658BD80} = {07552446-7ECD-427D-95C5-7D4A351ADA23}
		{F3486EAD-E5B9-4E15-9C53-166499F18923} = {9D26BCDF-2CFD-4948-A591-4F572A94AEAA}
		{07127A18-872D-4B6E-BB70-701E8662999F} = {788CFC8F-2B96-421E-880C-74C114187A43}
		{C44DF36A-1DAA-4702-ACAF-2F566D875D1D} = {788CFC8F-2B96-421E-880C-74C114187A43}
		{75668C25-18B4-450A-8E5F-A78ED28F393D} = {788CFC8F-2B96-421E-880C-74C114187A43}
		{E6B7EFAC-5B92-4D8E-86D5-EDBD61E54E13} = {D019A331-2B2D-4723-9408-4691EADE0F5F}
		{34F72D0A-9686-4BD4-8D9F-165995935E9B} = {FCF5380C-9743-4ED6-9F45-C7D0E3FA456B}
		{E335261D-D77C-42F1-AEEE-FCAFABF58179} = {CE5A87FF-D05E-4847-8394-AA54ABC92CFA}
		{E2308A7A-CCCA-47F7-85B3-E70ECE98AD59} = {07552446-7ECD-427D-95C5-7D4A351ADA23}
		{DA054E15-A7BF-4BA5-92AD-465F5008D03E} = {196FDD69-FD40-4F5B-AD50-94D70EB0A39D}
		{1DFE260F-C675-4C0A-AF95-446A75C16A21} = {B20A41BD-83B1-4C96-B0E2-80EB02C6132C}
		{113FB3AE-E96F-4978-9008-E50FF60F909E} = {B20A41BD-83B1-4C96-B0E2-80EB02C6132C}
		{6DEF9C9E-3DDD-420E-A21B-DF53FD7F1D56} = {B20A41BD-83B1-4C96-B0E2-80EB02C6132C}
		{6D580D0B-261D-4DEF-AC65-9C7A99F640EA} = {A2703A59-BB22-458B-8313-DCA49486C818}
		{068CD24A-BFAE-440B-9630-2E55FF0BCE68} = {E964BE81-6D94-4F42-BAA5-C34429979C41}
		{B5FEC4AD-409A-49A7-A412-D8E950A6DA1A} = {96AE6251-8A92-4259-96EA-B17780ECDD28}
		{CBB06100-A3BD-40AB-B570-A8DEE5A82CD5} = {D55693B8-E357-4BF5-A076-C1093658BD80}
		{C5D42E3C-3F0C-4230-A34E-DAC5978748F1} = {B94E692F-D1EE-407C-B753-140723CC170F}
		{7AF7F0A4-0B75-4D39-A8A6-F13DA295D3E6} = {C5D42E3C-3F0C-4230-A34E-DAC5978748F1}
		{DA5A2614-C998-4BEA-AB49-910EE06310D7} = {C5D42E3C-3F0C-4230-A34E-DAC5978748F1}
		{381122B7-FE58-4B4C-8EF3-9A51F7AC2337} = {7AF7F0A4-0B75-4D39-A8A6-F13DA295D3E6}
		{46E52B33-9F31-4900-A1AE-7CAA64256C70} = {0961C237-E948-4E35-8830-CF66445CED19}
		{A7488694-7272-4BBB-9850-9E012AC8CC97} = {292312A0-702A-41F1-A6EF-7EFDC79140A8}
		{292312A0-702A-41F1-A6EF-7EFDC79140A8} = {46E52B33-9F31-4900-A1AE-7CAA64256C70}
	EndGlobalSection
	GlobalSection(ExtensibilityGlobals) = postSolution
		SolutionGuid = {3A1629DF-0F2E-4303-99A1-1751414FDC3B}
	EndGlobalSection
EndGlobal
